
Microsoft Visual Studio Solution File, Format Version 10.00
# Visual Studio 2008
Project("{8BC9CEB8-8B4A-11D0-8D11-00A0C91BC942}") = "WebRTC_Wrapper", "WebRTC_Wrapper\WebRTC_Wrapper.vcproj", "{72D8A4FA-8567-4FD3-93F2-2D9A2A89835E}"
EndProject
Global
	GlobalSection(SolutionConfigurationPlatforms) = preSolution
		Debug|Win32 = Debug|Win32
		Release|Win32 = Release|Win32
	EndGlobalSection
	GlobalSection(ProjectConfigurationPlatforms) = postSolution
		{72D8A4FA-8567-4FD3-93F2-2D9A2A89835E}.Debug|Win32.ActiveCfg = Debug|Win32
		{72D8A4FA-8567-4FD3-93F2-2D9A2A89835E}.Debug|Win32.Build.0 = Debug|Win32
		{72D8A4FA-8567-4FD3-93F2-2D9A2A89835E}.Release|Win32.ActiveCfg = Release|Win32
		{72D8A4FA-8567-4FD3-93F2-2D9A2A89835E}.Release|Win32.Build.0 = Release|Win32
	EndGlobalSection
	GlobalSection(SolutionProperties) = preSolution
		HideSolutionNode = FALSE
	EndGlobalSection
EndGlobal
